
Microsoft Visual Studio Solution File, Format Version 12.00
# Visual Studio Version 16
VisualStudioVersion = 16.0.32228.343
MinimumVisualStudioVersion = 10.0.40219.1
Project("{2150E333-8FDC-42A3-9474-1A3956D46DE8}") = "Chapter02", "Chapter02", "{1FD868A7-0F8F-4692-8A98-92B1A96F543D}"
EndProject
Project("{FAE04EC0-301F-11D3-BF4B-00C04F79EFBC}") = "DistanceConverter", "Chapter02\DistanceConverter\DistanceConverter.csproj", "{684949C5-EE7B-46E8-832F-6E64FA2877FA}"
EndProject
Project("{FAE04EC0-301F-11D3-BF4B-00C04F79EFBC}") = "SalesCalculator", "SalesCounter\SalesCalculator.csproj", "{6EDE2402-0265-4D77-A0B4-930968D264E8}"
EndProject
Project("{FAE04EC0-301F-11D3-BF4B-00C04F79EFBC}") = "Exercise", "Chapter02\Exercise\Exercise.csproj", "{912244E9-CD46-4BBE-BD5B-0752D6D775DA}"
EndProject
Project("{FAE04EC0-301F-11D3-BF4B-00C04F79EFBC}") = "Exercise02", "Chapter02\Exercise02\Exercise02.csproj", "{5661FDD8-5D68-4336-B4C1-996BF63136ED}"
EndProject
Project("{FAE04EC0-301F-11D3-BF4B-00C04F79EFBC}") = "Exercise03", "Chapter02\Exercise03\Exercise03.csproj", "{1816541C-BE11-442D-BE17-A8D1844A8138}"
EndProject
Project("{2150E333-8FDC-42A3-9474-1A3956D46DE8}") = "Chapter03", "Chapter03", "{06BD0BA8-B23A-467A-828B-1CBEC952BB47}"
EndProject
Project("{FAE04EC0-301F-11D3-BF4B-00C04F79EFBC}") = "Section01", "FeetConverter\Section01\Section01.csproj", "{B067701C-C3EB-4C88-BAAD-2D625320CF6B}"
EndProject
Project("{FAE04EC0-301F-11D3-BF4B-00C04F79EFBC}") = "Program", "Program\Program.csproj", "{D658F2EF-B099-4F06-A6E1-0A7740A7CF47}"
EndProject
Project("{FAE04EC0-301F-11D3-BF4B-00C04F79EFBC}") = "ConsoleApp1", "Chapter03\ConsoleApp1\ConsoleApp1.csproj", "{2B72DDA8-87FC-46C5-8862-A7CC52306456}"
EndProject
Project("{FAE04EC0-301F-11D3-BF4B-00C04F79EFBC}") = "Exercise02", "Chapter03\Exercise02\Exercise02.csproj", "{E631A12D-04F3-4951-99FF-600D89003C96}"
EndProject
Project("{2150E333-8FDC-42A3-9474-1A3956D46DE8}") = "Chspter04", "Chspter04", "{18542468-644A-4FF2-B253-D63391855F40}"
EndProject
Project("{FAE04EC0-301F-11D3-BF4B-00C04F79EFBC}") = "Exercise01", "Chapter04\Exercise01\Exercise01.csproj", "{0900244B-1C5E-4494-916F-99CFE5EEB8DD}"
EndProject
Project("{FAE04EC0-301F-11D3-BF4B-00C04F79EFBC}") = "Exercise02", "Chapter04\Exercise02\Exercise02.csproj", "{B8F0EDAA-DC73-411A-A26E-A00D70FF9390}"
EndProject
Global
	GlobalSection(SolutionConfigurationPlatforms) = preSolution
		Debug|Any CPU = Debug|Any CPU
		Release|Any CPU = Release|Any CPU
	EndGlobalSection
	GlobalSection(ProjectConfigurationPlatforms) = postSolution
		{684949C5-EE7B-46E8-832F-6E64FA2877FA}.Debug|Any CPU.ActiveCfg = Debug|Any CPU
		{684949C5-EE7B-46E8-832F-6E64FA2877FA}.Debug|Any CPU.Build.0 = Debug|Any CPU
		{684949C5-EE7B-46E8-832F-6E64FA2877FA}.Release|Any CPU.ActiveCfg = Release|Any CPU
		{684949C5-EE7B-46E8-832F-6E64FA2877FA}.Release|Any CPU.Build.0 = Release|Any CPU
		{6EDE2402-0265-4D77-A0B4-930968D264E8}.Debug|Any CPU.ActiveCfg = Debug|Any CPU
		{6EDE2402-0265-4D77-A0B4-930968D264E8}.Debug|Any CPU.Build.0 = Debug|Any CPU
		{6EDE2402-0265-4D77-A0B4-930968D264E8}.Release|Any CPU.ActiveCfg = Release|Any CPU
		{6EDE2402-0265-4D77-A0B4-930968D264E8}.Release|Any CPU.Build.0 = Release|Any CPU
		{912244E9-CD46-4BBE-BD5B-0752D6D775DA}.Debug|Any CPU.ActiveCfg = Debug|Any CPU
		{912244E9-CD46-4BBE-BD5B-0752D6D775DA}.Debug|Any CPU.Build.0 = Debug|Any CPU
		{912244E9-CD46-4BBE-BD5B-0752D6D775DA}.Release|Any CPU.ActiveCfg = Release|Any CPU
		{912244E9-CD46-4BBE-BD5B-0752D6D775DA}.Release|Any CPU.Build.0 = Release|Any CPU
		{5661FDD8-5D68-4336-B4C1-996BF63136ED}.Debug|Any CPU.ActiveCfg = Debug|Any CPU
		{5661FDD8-5D68-4336-B4C1-996BF63136ED}.Debug|Any CPU.Build.0 = Debug|Any CPU
		{5661FDD8-5D68-4336-B4C1-996BF63136ED}.Release|Any CPU.ActiveCfg = Release|Any CPU
		{5661FDD8-5D68-4336-B4C1-996BF63136ED}.Release|Any CPU.Build.0 = Release|Any CPU
		{1816541C-BE11-442D-BE17-A8D1844A8138}.Debug|Any CPU.ActiveCfg = Debug|Any CPU
		{1816541C-BE11-442D-BE17-A8D1844A8138}.Debug|Any CPU.Build.0 = Debug|Any CPU
		{1816541C-BE11-442D-BE17-A8D1844A8138}.Release|Any CPU.ActiveCfg = Release|Any CPU
		{1816541C-BE11-442D-BE17-A8D1844A8138}.Release|Any CPU.Build.0 = Release|Any CPU
		{B067701C-C3EB-4C88-BAAD-2D625320CF6B}.Debug|Any CPU.ActiveCfg = Debug|Any CPU
		{B067701C-C3EB-4C88-BAAD-2D625320CF6B}.Debug|Any CPU.Build.0 = Debug|Any CPU
		{B067701C-C3EB-4C88-BAAD-2D625320CF6B}.Release|Any CPU.ActiveCfg = Release|Any CPU
		{B067701C-C3EB-4C88-BAAD-2D625320CF6B}.Release|Any CPU.Build.0 = Release|Any CPU
		{D658F2EF-B099-4F06-A6E1-0A7740A7CF47}.Debug|Any CPU.ActiveCfg = Debug|Any CPU
		{D658F2EF-B099-4F06-A6E1-0A7740A7CF47}.Debug|Any CPU.Build.0 = Debug|Any CPU
		{D658F2EF-B099-4F06-A6E1-0A7740A7CF47}.Release|Any CPU.ActiveCfg = Release|Any CPU
		{D658F2EF-B099-4F06-A6E1-0A7740A7CF47}.Release|Any CPU.Build.0 = Release|Any CPU
		{2B72DDA8-87FC-46C5-8862-A7CC52306456}.Debug|Any CPU.ActiveCfg = Debug|Any CPU
		{2B72DDA8-87FC-46C5-8862-A7CC52306456}.Debug|Any CPU.Build.0 = Debug|Any CPU
		{2B72DDA8-87FC-46C5-8862-A7CC52306456}.Release|Any CPU.ActiveCfg = Release|Any CPU
		{2B72DDA8-87FC-46C5-8862-A7CC52306456}.Release|Any CPU.Build.0 = Release|Any CPU
		{E631A12D-04F3-4951-99FF-600D89003C96}.Debug|Any CPU.ActiveCfg = Debug|Any CPU
		{E631A12D-04F3-4951-99FF-600D89003C96}.Debug|Any CPU.Build.0 = Debug|Any CPU
		{E631A12D-04F3-4951-99FF-600D89003C96}.Release|Any CPU.ActiveCfg = Release|Any CPU
		{E631A12D-04F3-4951-99FF-600D89003C96}.Release|Any CPU.Build.0 = Release|Any CPU
		{0900244B-1C5E-4494-916F-99CFE5EEB8DD}.Debug|Any CPU.ActiveCfg = Debug|Any CPU
		{0900244B-1C5E-4494-916F-99CFE5EEB8DD}.Debug|Any CPU.Build.0 = Debug|Any CPU
		{0900244B-1C5E-4494-916F-99CFE5EEB8DD}.Release|Any CPU.ActiveCfg = Release|Any CPU
		{0900244B-1C5E-4494-916F-99CFE5EEB8DD}.Release|Any CPU.Build.0 = Release|Any CPU
		{B8F0EDAA-DC73-411A-A26E-A00D70FF9390}.Debug|Any CPU.ActiveCfg = Debug|Any CPU
		{B8F0EDAA-DC73-411A-A26E-A00D70FF9390}.Debug|Any CPU.Build.0 = Debug|Any CPU
		{B8F0EDAA-DC73-411A-A26E-A00D70FF9390}.Release|Any CPU.ActiveCfg = Release|Any CPU
		{B8F0EDAA-DC73-411A-A26E-A00D70FF9390}.Release|Any CPU.Build.0 = Release|Any CPU
	EndGlobalSection
	GlobalSection(SolutionProperties) = preSolution
		HideSolutionNode = FALSE
	EndGlobalSection
	GlobalSection(NestedProjects) = preSolution
		{684949C5-EE7B-46E8-832F-6E64FA2877FA} = {1FD868A7-0F8F-4692-8A98-92B1A96F543D}
		{6EDE2402-0265-4D77-A0B4-930968D264E8} = {1FD868A7-0F8F-4692-8A98-92B1A96F543D}
		{912244E9-CD46-4BBE-BD5B-0752D6D775DA} = {1FD868A7-0F8F-4692-8A98-92B1A96F543D}
		{5661FDD8-5D68-4336-B4C1-996BF63136ED} = {1FD868A7-0F8F-4692-8A98-92B1A96F543D}
		{1816541C-BE11-442D-BE17-A8D1844A8138} = {1FD868A7-0F8F-4692-8A98-92B1A96F543D}
		{B067701C-C3EB-4C88-BAAD-2D625320CF6B} = {06BD0BA8-B23A-467A-828B-1CBEC952BB47}
		{D658F2EF-B099-4F06-A6E1-0A7740A7CF47} = {06BD0BA8-B23A-467A-828B-1CBEC952BB47}
		{2B72DDA8-87FC-46C5-8862-A7CC52306456} = {06BD0BA8-B23A-467A-828B-1CBEC952BB47}
		{E631A12D-04F3-4951-99FF-600D89003C96} = {06BD0BA8-B23A-467A-828B-1CBEC952BB47}
		{0900244B-1C5E-4494-916F-99CFE5EEB8DD} = {18542468-644A-4FF2-B253-D63391855F40}
		{B8F0EDAA-DC73-411A-A26E-A00D70FF9390} = {18542468-644A-4FF2-B253-D63391855F40}
	EndGlobalSection
	GlobalSection(ExtensibilityGlobals) = postSolution
		SolutionGuid = {23338A3E-8B00-4CED-B684-352A54601271}
	EndGlobalSection
EndGlobal
