
Microsoft Visual Studio Solution File, Format Version 12.00
# Visual Studio Version 16
VisualStudioVersion = 16.0.32228.343
MinimumVisualStudioVersion = 10.0.40219.1
Project("{2150E333-8FDC-42A3-9474-1A3956D46DE8}") = "Chapter02", "Chapter02", "{1FD868A7-0F8F-4692-8A98-92B1A96F543D}"
EndProject
Project("{FAE04EC0-301F-11D3-BF4B-00C04F79EFBC}") = "DistanceConverter", "Chapter02\DistanceConverter\DistanceConverter.csproj", "{684949C5-EE7B-46E8-832F-6E64FA2877FA}"
EndProject
Project("{FAE04EC0-301F-11D3-BF4B-00C04F79EFBC}") = "SalesCalculator", "SalesCounter\SalesCalculator.csproj", "{6EDE2402-0265-4D77-A0B4-930968D264E8}"
EndProject
Project("{FAE04EC0-301F-11D3-BF4B-00C04F79EFBC}") = "Exercise", "Chapter02\Exercise\Exercise.csproj", "{912244E9-CD46-4BBE-BD5B-0752D6D775DA}"
EndProject
Project("{FAE04EC0-301F-11D3-BF4B-00C04F79EFBC}") = "Exercise02", "Chapter02\Exercise02\Exercise02.csproj", "{5661FDD8-5D68-4336-B4C1-996BF63136ED}"
EndProject
Project("{FAE04EC0-301F-11D3-BF4B-00C04F79EFBC}") = "Exercise03", "Chapter02\Exercise03\Exercise03.csproj", "{1816541C-BE11-442D-BE17-A8D1844A8138}"
EndProject
Project("{2150E333-8FDC-42A3-9474-1A3956D46DE8}") = "Chapter03", "Chapter03", "{06BD0BA8-B23A-467A-828B-1CBEC952BB47}"
EndProject
Project("{FAE04EC0-301F-11D3-BF4B-00C04F79EFBC}") = "Section01", "FeetConverter\Section01\Section01.csproj", "{B067701C-C3EB-4C88-BAAD-2D625320CF6B}"
EndProject
Project("{FAE04EC0-301F-11D3-BF4B-00C04F79EFBC}") = "Program", "Program\Program.csproj", "{D658F2EF-B099-4F06-A6E1-0A7740A7CF47}"
EndProject
Project("{FAE04EC0-301F-11D3-BF4B-00C04F79EFBC}") = "ConsoleApp1", "Chapter03\ConsoleApp1\ConsoleApp1.csproj", "{2B72DDA8-87FC-46C5-8862-A7CC52306456}"
EndProject
Project("{FAE04EC0-301F-11D3-BF4B-00C04F79EFBC}") = "Exercise02", "Chapter03\Exercise02\Exercise02.csproj", "{E631A12D-04F3-4951-99FF-600D89003C96}"
EndProject
Project("{2150E333-8FDC-42A3-9474-1A3956D46DE8}") = "Chapter04", "Chapter04", "{18542468-644A-4FF2-B253-D63391855F40}"
EndProject
Project("{FAE04EC0-301F-11D3-BF4B-00C04F79EFBC}") = "Exercise01", "Chapter04\Exercise01\Exercise01.csproj", "{0900244B-1C5E-4494-916F-99CFE5EEB8DD}"
EndProject
Project("{FAE04EC0-301F-11D3-BF4B-00C04F79EFBC}") = "Exercise02", "Chapter04\Exercise02\Exercise02.csproj", "{B8F0EDAA-DC73-411A-A26E-A00D70FF9390}"
EndProject
Project("{2150E333-8FDC-42A3-9474-1A3956D46DE8}") = "Chapter05", "Chapter05", "{4F9E2DAD-3ED1-4A54-9CE7-E0D481E2A8F9}"
EndProject
Project("{FAE04EC0-301F-11D3-BF4B-00C04F79EFBC}") = "Exercise01", "Chapter05\Exercise01\Exercise01.csproj", "{2C667A9B-B984-40A5-A925-6E6CA98C3306}"
EndProject
Project("{FAE04EC0-301F-11D3-BF4B-00C04F79EFBC}") = "Exercise02", "Chapter05\Exercise02\Exercise02.csproj", "{98DC6B34-13ED-44C5-BBEA-4B844F62C35C}"
EndProject
Project("{FAE04EC0-301F-11D3-BF4B-00C04F79EFBC}") = "Exercise03", "Chapter05\Exercise03\Exercise03\Exercise03.csproj", "{1FBF8A91-CBBA-488D-9E53-6756E9F68012}"
EndProject
Project("{FAE04EC0-301F-11D3-BF4B-00C04F79EFBC}") = "Exercise04", "Chapter05\Exercise05\Exercise04.csproj", "{51FBA240-7F0A-4E92-AA33-4ADC3E960B0B}"
EndProject
Project("{2150E333-8FDC-42A3-9474-1A3956D46DE8}") = "Chapter06", "Chapter06", "{73B2495A-CAC0-48E8-A63C-9B7B1D2906E9}"
EndProject
Project("{FAE04EC0-301F-11D3-BF4B-00C04F79EFBC}") = "Exercise01", "Chapter06\Exercise01\Exercise01.csproj", "{A1B459E1-A4AC-479C-B4E7-5F0D9500A6DD}"
EndProject
Project("{FAE04EC0-301F-11D3-BF4B-00C04F79EFBC}") = "Exercise02", "Chapter06\Exercise02\Exercise02.csproj", "{59BA5FA4-7814-482C-B76F-B7275D4A2E3E}"
EndProject
Project("{FAE04EC0-301F-11D3-BF4B-00C04F79EFBC}") = "Sample0603", "FormAppSample\Sample0603\Sample0603.csproj", "{B797305E-A283-456A-A6D6-E798AD2D617D}"
EndProject
Project("{2150E333-8FDC-42A3-9474-1A3956D46DE8}") = "FormAppSample", "FormAppSample", "{ABF70C9E-0ADE-4A92-8230-78469098578B}"
EndProject
Project("{FAE04EC0-301F-11D3-BF4B-00C04F79EFBC}") = "Ssmple0607", "FormAppSample\Ssmple0607\Ssmple0607.csproj", "{B1E3B46E-68CD-4732-A905-4041AEA23AD8}"
EndProject
Project("{FAE04EC0-301F-11D3-BF4B-00C04F79EFBC}") = "AddressBook", "FormAppSample\AssressBook\AddressBook.csproj", "{EB4F6DD9-66E3-450A-9CC5-9CF4B8BBD47A}"
EndProject
Project("{2150E333-8FDC-42A3-9474-1A3956D46DE8}") = "Test202206", "Test202206", "{4AF397A6-79A3-4C0F-B719-913F01CCC6AA}"
EndProject
Project("{FAE04EC0-301F-11D3-BF4B-00C04F79EFBC}") = "Test01", "Test202206\TestProject\Test01\Test01.csproj", "{2BFACDC3-F44D-4199-8498-F5C3C4AC0335}"
EndProject
Project("{FAE04EC0-301F-11D3-BF4B-00C04F79EFBC}") = "Test02", "Test202206\TestProject\Test02\Test02.csproj", "{E461C0A8-8900-485C-B520-E929BA33F712}"
EndProject
Global
	GlobalSection(SolutionConfigurationPlatforms) = preSolution
		Debug|Any CPU = Debug|Any CPU
		Release|Any CPU = Release|Any CPU
	EndGlobalSection
	GlobalSection(ProjectConfigurationPlatforms) = postSolution
		{684949C5-EE7B-46E8-832F-6E64FA2877FA}.Debug|Any CPU.ActiveCfg = Debug|Any CPU
		{684949C5-EE7B-46E8-832F-6E64FA2877FA}.Debug|Any CPU.Build.0 = Debug|Any CPU
		{684949C5-EE7B-46E8-832F-6E64FA2877FA}.Release|Any CPU.ActiveCfg = Release|Any CPU
		{684949C5-EE7B-46E8-832F-6E64FA2877FA}.Release|Any CPU.Build.0 = Release|Any CPU
		{6EDE2402-0265-4D77-A0B4-930968D264E8}.Debug|Any CPU.ActiveCfg = Debug|Any CPU
		{6EDE2402-0265-4D77-A0B4-930968D264E8}.Debug|Any CPU.Build.0 = Debug|Any CPU
		{6EDE2402-0265-4D77-A0B4-930968D264E8}.Release|Any CPU.ActiveCfg = Release|Any CPU
		{6EDE2402-0265-4D77-A0B4-930968D264E8}.Release|Any CPU.Build.0 = Release|Any CPU
		{912244E9-CD46-4BBE-BD5B-0752D6D775DA}.Debug|Any CPU.ActiveCfg = Debug|Any CPU
		{912244E9-CD46-4BBE-BD5B-0752D6D775DA}.Debug|Any CPU.Build.0 = Debug|Any CPU
		{912244E9-CD46-4BBE-BD5B-0752D6D775DA}.Release|Any CPU.ActiveCfg = Release|Any CPU
		{912244E9-CD46-4BBE-BD5B-0752D6D775DA}.Release|Any CPU.Build.0 = Release|Any CPU
		{5661FDD8-5D68-4336-B4C1-996BF63136ED}.Debug|Any CPU.ActiveCfg = Debug|Any CPU
		{5661FDD8-5D68-4336-B4C1-996BF63136ED}.Debug|Any CPU.Build.0 = Debug|Any CPU
		{5661FDD8-5D68-4336-B4C1-996BF63136ED}.Release|Any CPU.ActiveCfg = Release|Any CPU
		{5661FDD8-5D68-4336-B4C1-996BF63136ED}.Release|Any CPU.Build.0 = Release|Any CPU
		{1816541C-BE11-442D-BE17-A8D1844A8138}.Debug|Any CPU.ActiveCfg = Debug|Any CPU
		{1816541C-BE11-442D-BE17-A8D1844A8138}.Debug|Any CPU.Build.0 = Debug|Any CPU
		{1816541C-BE11-442D-BE17-A8D1844A8138}.Release|Any CPU.ActiveCfg = Release|Any CPU
		{1816541C-BE11-442D-BE17-A8D1844A8138}.Release|Any CPU.Build.0 = Release|Any CPU
		{B067701C-C3EB-4C88-BAAD-2D625320CF6B}.Debug|Any CPU.ActiveCfg = Debug|Any CPU
		{B067701C-C3EB-4C88-BAAD-2D625320CF6B}.Debug|Any CPU.Build.0 = Debug|Any CPU
		{B067701C-C3EB-4C88-BAAD-2D625320CF6B}.Release|Any CPU.ActiveCfg = Release|Any CPU
		{B067701C-C3EB-4C88-BAAD-2D625320CF6B}.Release|Any CPU.Build.0 = Release|Any CPU
		{D658F2EF-B099-4F06-A6E1-0A7740A7CF47}.Debug|Any CPU.ActiveCfg = Debug|Any CPU
		{D658F2EF-B099-4F06-A6E1-0A7740A7CF47}.Debug|Any CPU.Build.0 = Debug|Any CPU
		{D658F2EF-B099-4F06-A6E1-0A7740A7CF47}.Release|Any CPU.ActiveCfg = Release|Any CPU
		{D658F2EF-B099-4F06-A6E1-0A7740A7CF47}.Release|Any CPU.Build.0 = Release|Any CPU
		{2B72DDA8-87FC-46C5-8862-A7CC52306456}.Debug|Any CPU.ActiveCfg = Debug|Any CPU
		{2B72DDA8-87FC-46C5-8862-A7CC52306456}.Debug|Any CPU.Build.0 = Debug|Any CPU
		{2B72DDA8-87FC-46C5-8862-A7CC52306456}.Release|Any CPU.ActiveCfg = Release|Any CPU
		{2B72DDA8-87FC-46C5-8862-A7CC52306456}.Release|Any CPU.Build.0 = Release|Any CPU
		{E631A12D-04F3-4951-99FF-600D89003C96}.Debug|Any CPU.ActiveCfg = Debug|Any CPU
		{E631A12D-04F3-4951-99FF-600D89003C96}.Debug|Any CPU.Build.0 = Debug|Any CPU
		{E631A12D-04F3-4951-99FF-600D89003C96}.Release|Any CPU.ActiveCfg = Release|Any CPU
		{E631A12D-04F3-4951-99FF-600D89003C96}.Release|Any CPU.Build.0 = Release|Any CPU
		{0900244B-1C5E-4494-916F-99CFE5EEB8DD}.Debug|Any CPU.ActiveCfg = Debug|Any CPU
		{0900244B-1C5E-4494-916F-99CFE5EEB8DD}.Debug|Any CPU.Build.0 = Debug|Any CPU
		{0900244B-1C5E-4494-916F-99CFE5EEB8DD}.Release|Any CPU.ActiveCfg = Release|Any CPU
		{0900244B-1C5E-4494-916F-99CFE5EEB8DD}.Release|Any CPU.Build.0 = Release|Any CPU
		{B8F0EDAA-DC73-411A-A26E-A00D70FF9390}.Debug|Any CPU.ActiveCfg = Debug|Any CPU
		{B8F0EDAA-DC73-411A-A26E-A00D70FF9390}.Debug|Any CPU.Build.0 = Debug|Any CPU
		{B8F0EDAA-DC73-411A-A26E-A00D70FF9390}.Release|Any CPU.ActiveCfg = Release|Any CPU
		{B8F0EDAA-DC73-411A-A26E-A00D70FF9390}.Release|Any CPU.Build.0 = Release|Any CPU
		{2C667A9B-B984-40A5-A925-6E6CA98C3306}.Debug|Any CPU.ActiveCfg = Debug|Any CPU
		{2C667A9B-B984-40A5-A925-6E6CA98C3306}.Debug|Any CPU.Build.0 = Debug|Any CPU
		{2C667A9B-B984-40A5-A925-6E6CA98C3306}.Release|Any CPU.ActiveCfg = Release|Any CPU
		{2C667A9B-B984-40A5-A925-6E6CA98C3306}.Release|Any CPU.Build.0 = Release|Any CPU
		{98DC6B34-13ED-44C5-BBEA-4B844F62C35C}.Debug|Any CPU.ActiveCfg = Debug|Any CPU
		{98DC6B34-13ED-44C5-BBEA-4B844F62C35C}.Debug|Any CPU.Build.0 = Debug|Any CPU
		{98DC6B34-13ED-44C5-BBEA-4B844F62C35C}.Release|Any CPU.ActiveCfg = Release|Any CPU
		{98DC6B34-13ED-44C5-BBEA-4B844F62C35C}.Release|Any CPU.Build.0 = Release|Any CPU
		{1FBF8A91-CBBA-488D-9E53-6756E9F68012}.Debug|Any CPU.ActiveCfg = Debug|Any CPU
		{1FBF8A91-CBBA-488D-9E53-6756E9F68012}.Debug|Any CPU.Build.0 = Debug|Any CPU
		{1FBF8A91-CBBA-488D-9E53-6756E9F68012}.Release|Any CPU.ActiveCfg = Release|Any CPU
		{1FBF8A91-CBBA-488D-9E53-6756E9F68012}.Release|Any CPU.Build.0 = Release|Any CPU
		{51FBA240-7F0A-4E92-AA33-4ADC3E960B0B}.Debug|Any CPU.ActiveCfg = Debug|Any CPU
		{51FBA240-7F0A-4E92-AA33-4ADC3E960B0B}.Debug|Any CPU.Build.0 = Debug|Any CPU
		{51FBA240-7F0A-4E92-AA33-4ADC3E960B0B}.Release|Any CPU.ActiveCfg = Release|Any CPU
		{51FBA240-7F0A-4E92-AA33-4ADC3E960B0B}.Release|Any CPU.Build.0 = Release|Any CPU
		{A1B459E1-A4AC-479C-B4E7-5F0D9500A6DD}.Debug|Any CPU.ActiveCfg = Debug|Any CPU
		{A1B459E1-A4AC-479C-B4E7-5F0D9500A6DD}.Debug|Any CPU.Build.0 = Debug|Any CPU
		{A1B459E1-A4AC-479C-B4E7-5F0D9500A6DD}.Release|Any CPU.ActiveCfg = Release|Any CPU
		{A1B459E1-A4AC-479C-B4E7-5F0D9500A6DD}.Release|Any CPU.Build.0 = Release|Any CPU
		{59BA5FA4-7814-482C-B76F-B7275D4A2E3E}.Debug|Any CPU.ActiveCfg = Debug|Any CPU
		{59BA5FA4-7814-482C-B76F-B7275D4A2E3E}.Debug|Any CPU.Build.0 = Debug|Any CPU
		{59BA5FA4-7814-482C-B76F-B7275D4A2E3E}.Release|Any CPU.ActiveCfg = Release|Any CPU
		{59BA5FA4-7814-482C-B76F-B7275D4A2E3E}.Release|Any CPU.Build.0 = Release|Any CPU
		{B797305E-A283-456A-A6D6-E798AD2D617D}.Debug|Any CPU.ActiveCfg = Debug|Any CPU
		{B797305E-A283-456A-A6D6-E798AD2D617D}.Debug|Any CPU.Build.0 = Debug|Any CPU
		{B797305E-A283-456A-A6D6-E798AD2D617D}.Release|Any CPU.ActiveCfg = Release|Any CPU
		{B797305E-A283-456A-A6D6-E798AD2D617D}.Release|Any CPU.Build.0 = Release|Any CPU
		{B1E3B46E-68CD-4732-A905-4041AEA23AD8}.Debug|Any CPU.ActiveCfg = Debug|Any CPU
		{B1E3B46E-68CD-4732-A905-4041AEA23AD8}.Debug|Any CPU.Build.0 = Debug|Any CPU
		{B1E3B46E-68CD-4732-A905-4041AEA23AD8}.Release|Any CPU.ActiveCfg = Release|Any CPU
		{B1E3B46E-68CD-4732-A905-4041AEA23AD8}.Release|Any CPU.Build.0 = Release|Any CPU
		{EB4F6DD9-66E3-450A-9CC5-9CF4B8BBD47A}.Debug|Any CPU.ActiveCfg = Debug|Any CPU
		{EB4F6DD9-66E3-450A-9CC5-9CF4B8BBD47A}.Debug|Any CPU.Build.0 = Debug|Any CPU
		{EB4F6DD9-66E3-450A-9CC5-9CF4B8BBD47A}.Release|Any CPU.ActiveCfg = Release|Any CPU
		{EB4F6DD9-66E3-450A-9CC5-9CF4B8BBD47A}.Release|Any CPU.Build.0 = Release|Any CPU
		{2BFACDC3-F44D-4199-8498-F5C3C4AC0335}.Debug|Any CPU.ActiveCfg = Debug|Any CPU
		{2BFACDC3-F44D-4199-8498-F5C3C4AC0335}.Debug|Any CPU.Build.0 = Debug|Any CPU
		{2BFACDC3-F44D-4199-8498-F5C3C4AC0335}.Release|Any CPU.ActiveCfg = Release|Any CPU
		{2BFACDC3-F44D-4199-8498-F5C3C4AC0335}.Release|Any CPU.Build.0 = Release|Any CPU
		{E461C0A8-8900-485C-B520-E929BA33F712}.Debug|Any CPU.ActiveCfg = Debug|Any CPU
		{E461C0A8-8900-485C-B520-E929BA33F712}.Debug|Any CPU.Build.0 = Debug|Any CPU
		{E461C0A8-8900-485C-B520-E929BA33F712}.Release|Any CPU.ActiveCfg = Release|Any CPU
		{E461C0A8-8900-485C-B520-E929BA33F712}.Release|Any CPU.Build.0 = Release|Any CPU
	EndGlobalSection
	GlobalSection(SolutionProperties) = preSolution
		HideSolutionNode = FALSE
	EndGlobalSection
	GlobalSection(NestedProjects) = preSolution
		{684949C5-EE7B-46E8-832F-6E64FA2877FA} = {1FD868A7-0F8F-4692-8A98-92B1A96F543D}
		{6EDE2402-0265-4D77-A0B4-930968D264E8} = {1FD868A7-0F8F-4692-8A98-92B1A96F543D}
		{912244E9-CD46-4BBE-BD5B-0752D6D775DA} = {1FD868A7-0F8F-4692-8A98-92B1A96F543D}
		{5661FDD8-5D68-4336-B4C1-996BF63136ED} = {1FD868A7-0F8F-4692-8A98-92B1A96F543D}
		{1816541C-BE11-442D-BE17-A8D1844A8138} = {1FD868A7-0F8F-4692-8A98-92B1A96F543D}
		{B067701C-C3EB-4C88-BAAD-2D625320CF6B} = {06BD0BA8-B23A-467A-828B-1CBEC952BB47}
		{D658F2EF-B099-4F06-A6E1-0A7740A7CF47} = {06BD0BA8-B23A-467A-828B-1CBEC952BB47}
		{2B72DDA8-87FC-46C5-8862-A7CC52306456} = {06BD0BA8-B23A-467A-828B-1CBEC952BB47}
		{E631A12D-04F3-4951-99FF-600D89003C96} = {06BD0BA8-B23A-467A-828B-1CBEC952BB47}
		{0900244B-1C5E-4494-916F-99CFE5EEB8DD} = {18542468-644A-4FF2-B253-D63391855F40}
		{B8F0EDAA-DC73-411A-A26E-A00D70FF9390} = {18542468-644A-4FF2-B253-D63391855F40}
		{2C667A9B-B984-40A5-A925-6E6CA98C3306} = {4F9E2DAD-3ED1-4A54-9CE7-E0D481E2A8F9}
		{98DC6B34-13ED-44C5-BBEA-4B844F62C35C} = {4F9E2DAD-3ED1-4A54-9CE7-E0D481E2A8F9}
		{1FBF8A91-CBBA-488D-9E53-6756E9F68012} = {4F9E2DAD-3ED1-4A54-9CE7-E0D481E2A8F9}
		{51FBA240-7F0A-4E92-AA33-4ADC3E960B0B} = {4F9E2DAD-3ED1-4A54-9CE7-E0D481E2A8F9}
		{A1B459E1-A4AC-479C-B4E7-5F0D9500A6DD} = {73B2495A-CAC0-48E8-A63C-9B7B1D2906E9}
		{59BA5FA4-7814-482C-B76F-B7275D4A2E3E} = {73B2495A-CAC0-48E8-A63C-9B7B1D2906E9}
		{B797305E-A283-456A-A6D6-E798AD2D617D} = {ABF70C9E-0ADE-4A92-8230-78469098578B}
		{B1E3B46E-68CD-4732-A905-4041AEA23AD8} = {ABF70C9E-0ADE-4A92-8230-78469098578B}
		{EB4F6DD9-66E3-450A-9CC5-9CF4B8BBD47A} = {ABF70C9E-0ADE-4A92-8230-78469098578B}
		{2BFACDC3-F44D-4199-8498-F5C3C4AC0335} = {4AF397A6-79A3-4C0F-B719-913F01CCC6AA}
		{E461C0A8-8900-485C-B520-E929BA33F712} = {4AF397A6-79A3-4C0F-B719-913F01CCC6AA}
	EndGlobalSection
	GlobalSection(ExtensibilityGlobals) = postSolution
		SolutionGuid = {23338A3E-8B00-4CED-B684-352A54601271}
	EndGlobalSection
EndGlobal
