
Microsoft Visual Studio Solution File, Format Version 12.00
# Visual Studio Version 16
VisualStudioVersion = 16.0.32228.343
MinimumVisualStudioVersion = 10.0.40219.1
Project("{2150E333-8FDC-42A3-9474-1A3956D46DE8}") = "DesignPattern", "DesignPattern", "{7A601054-CE9B-4F17-A40D-404C457A5348}"
EndProject
Project("{FAE04EC0-301F-11D3-BF4B-00C04F79EFBC}") = "SingletonSample", "..\..\DesignPattern\SingletonSample\SingletonSample.csproj", "{889DB3BC-ECDE-4DBD-A615-D19684922B17}"
EndProject
Project("{2150E333-8FDC-42A3-9474-1A3956D46DE8}") = "Chapter17", "Chapter17", "{CEB34C03-F777-4E8B-AE0B-5C5F389C69E1}"
EndProject
Project("{FAE04EC0-301F-11D3-BF4B-00C04F79EFBC}") = "Section01", "..\..\Chapter17\Section01\Section01.csproj", "{93FEBE69-6554-4AD0-B498-A8D207BDBB59}"
EndProject
Project("{2150E333-8FDC-42A3-9474-1A3956D46DE8}") = "TemplateMethod", "TemplateMethod", "{8F43FD85-C5B1-4628-AC81-BF2663B95B5F}"
EndProject
Project("{FAE04EC0-301F-11D3-BF4B-00C04F79EFBC}") = "TextFileProcessor", "..\..\Chapter17\TemplateMethod\TextFileProcessor\TextFileProcessor.csproj", "{E5F3FB57-122B-42AF-A3C2-DD3EF790D5D7}"
EndProject
Project("{FAE04EC0-301F-11D3-BF4B-00C04F79EFBC}") = "LineCounter", "..\..\Chapter17\TemplateMethod\LineCounter\LineCounter.csproj", "{44AFD022-961E-4B45-8C6F-A0E48213A39D}"
EndProject
Project("{FAE04EC0-301F-11D3-BF4B-00C04F79EFBC}") = "Exercise1", "Exercise1\Exercise1.csproj", "{144DB647-A47C-4500-A716-3E364DB7C3D4}"
EndProject
Project("{2150E333-8FDC-42A3-9474-1A3956D46DE8}") = "Strategy", "Strategy", "{44CB1B9C-B251-44F2-97CE-990C882C52DB}"
EndProject
Project("{FAE04EC0-301F-11D3-BF4B-00C04F79EFBC}") = "DistanceConverter", "..\..\Chapter17\DistanceConverter\DistanceConverter\DistanceConverter.csproj", "{15FC3C45-F67E-4FF5-85E8-B3438EBE28C6}"
EndProject
Project("{2150E333-8FDC-42A3-9474-1A3956D46DE8}") = "ADONET", "ADONET", "{85B9CBFC-7739-4051-943B-9723466470E0}"
EndProject
Project("{FAE04EC0-301F-11D3-BF4B-00C04F79EFBC}") = "DateBaseSample", "..\..\ADO.NET\DateBaseSample\DateBaseSample.csproj", "{ABB6CE27-34B3-4A07-91F0-B74844F5C69C}"
EndProject
Project("{FAE04EC0-301F-11D3-BF4B-00C04F79EFBC}") = "AddressBook", "..\..\ADO.NET\AddressBook\AddressBook.csproj", "{66ED0611-F4E9-45E0-AF1D-19B220107CB4}"
EndProject
Project("{2150E333-8FDC-42A3-9474-1A3956D46DE8}") = "archive", "archive", "{EB7BFA3B-D2B3-4C81-A223-7CC85F6EC918}"
EndProject
Project("{FAE04EC0-301F-11D3-BF4B-00C04F79EFBC}") = "Test01", "..\..\Test202206\TestProject\Test01\Test01.csproj", "{2BFACDC3-F44D-4199-8498-F5C3C4AC0335}"
EndProject
Project("{FAE04EC0-301F-11D3-BF4B-00C04F79EFBC}") = "Test02", "..\..\Test202206\TestProject\Test02\Test02.csproj", "{E461C0A8-8900-485C-B520-E929BA33F712}"
EndProject
Project("{2150E333-8FDC-42A3-9474-1A3956D46DE8}") = "Chapter13", "Chapter13", "{7D5A895C-FEA1-4F97-B91C-FD6D687E29F7}"
EndProject
Project("{FAE04EC0-301F-11D3-BF4B-00C04F79EFBC}") = "SampleEntityFramework", "..\..\..\..\..\OneDrive - 学校法人太田アカデミー\デスクトップ\OOP2022\Chapter13\SampleEntityFramework\SampleEntityFramework.csproj", "{0E5AB437-2381-46B0-B123-20E62A7BD7CF}"
EndProject
Project("{2150E333-8FDC-42A3-9474-1A3956D46DE8}") = "NewFolder1", "NewFolder1", "{C627349D-6928-45A1-A76E-1FE6C2EA8C01}"
EndProject
Project("{2150E333-8FDC-42A3-9474-1A3956D46DE8}") = "chapter15", "chapter15", "{5EE72AA1-8909-4CB7-AB93-7710721A3D30}"
EndProject
Project("{FAE04EC0-301F-11D3-BF4B-00C04F79EFBC}") = "Chapter15", "..\..\..\..\..\OneDrive - 学校法人太田アカデミー\デスクトップ\OOP2022\Chapter15\Chapter15\Chapter15.csproj", "{ACE08427-65FD-4158-80B0-0C61073C3DA5}"
EndProject
Project("{FAE04EC0-301F-11D3-BF4B-00C04F79EFBC}") = "Exercise1", "..\..\..\..\..\OneDrive - 学校法人太田アカデミー\デスクトップ\OOP2022\Chapter15\Exercise1\Exercise1.csproj", "{35E87EDD-0C52-4021-9FE5-C8B5EA86E709}"
EndProject
Project("{2150E333-8FDC-42A3-9474-1A3956D46DE8}") = "WPF", "WPF", "{005F1D1E-12EA-445B-A042-DEE70D2B740A}"
EndProject
Project("{FAE04EC0-301F-11D3-BF4B-00C04F79EFBC}") = "SampleApplication", "..\..\WPF\SampleApplication\SampleApplication.csproj", "{78E3778A-30B9-4B91-9C61-E3304EB4EB33}"
EndProject
Project("{FAE04EC0-301F-11D3-BF4B-00C04F79EFBC}") = "NumberGame", "..\..\WPF\NumberGame\NumberGame.csproj", "{82427DB4-CB9A-45D5-BD33-746872C33A74}"
EndProject
Global
	GlobalSection(SolutionConfigurationPlatforms) = preSolution
		Debug|Any CPU = Debug|Any CPU
		Release|Any CPU = Release|Any CPU
	EndGlobalSection
	GlobalSection(ProjectConfigurationPlatforms) = postSolution
		{889DB3BC-ECDE-4DBD-A615-D19684922B17}.Debug|Any CPU.ActiveCfg = Debug|Any CPU
		{889DB3BC-ECDE-4DBD-A615-D19684922B17}.Debug|Any CPU.Build.0 = Debug|Any CPU
		{889DB3BC-ECDE-4DBD-A615-D19684922B17}.Release|Any CPU.ActiveCfg = Release|Any CPU
		{889DB3BC-ECDE-4DBD-A615-D19684922B17}.Release|Any CPU.Build.0 = Release|Any CPU
		{93FEBE69-6554-4AD0-B498-A8D207BDBB59}.Debug|Any CPU.ActiveCfg = Debug|Any CPU
		{93FEBE69-6554-4AD0-B498-A8D207BDBB59}.Debug|Any CPU.Build.0 = Debug|Any CPU
		{93FEBE69-6554-4AD0-B498-A8D207BDBB59}.Release|Any CPU.ActiveCfg = Release|Any CPU
		{93FEBE69-6554-4AD0-B498-A8D207BDBB59}.Release|Any CPU.Build.0 = Release|Any CPU
		{E5F3FB57-122B-42AF-A3C2-DD3EF790D5D7}.Debug|Any CPU.ActiveCfg = Debug|Any CPU
		{E5F3FB57-122B-42AF-A3C2-DD3EF790D5D7}.Debug|Any CPU.Build.0 = Debug|Any CPU
		{E5F3FB57-122B-42AF-A3C2-DD3EF790D5D7}.Release|Any CPU.ActiveCfg = Release|Any CPU
		{E5F3FB57-122B-42AF-A3C2-DD3EF790D5D7}.Release|Any CPU.Build.0 = Release|Any CPU
		{44AFD022-961E-4B45-8C6F-A0E48213A39D}.Debug|Any CPU.ActiveCfg = Debug|Any CPU
		{44AFD022-961E-4B45-8C6F-A0E48213A39D}.Debug|Any CPU.Build.0 = Debug|Any CPU
		{44AFD022-961E-4B45-8C6F-A0E48213A39D}.Release|Any CPU.ActiveCfg = Release|Any CPU
		{44AFD022-961E-4B45-8C6F-A0E48213A39D}.Release|Any CPU.Build.0 = Release|Any CPU
		{144DB647-A47C-4500-A716-3E364DB7C3D4}.Debug|Any CPU.ActiveCfg = Debug|Any CPU
		{144DB647-A47C-4500-A716-3E364DB7C3D4}.Debug|Any CPU.Build.0 = Debug|Any CPU
		{144DB647-A47C-4500-A716-3E364DB7C3D4}.Release|Any CPU.ActiveCfg = Release|Any CPU
		{144DB647-A47C-4500-A716-3E364DB7C3D4}.Release|Any CPU.Build.0 = Release|Any CPU
		{15FC3C45-F67E-4FF5-85E8-B3438EBE28C6}.Debug|Any CPU.ActiveCfg = Debug|Any CPU
		{15FC3C45-F67E-4FF5-85E8-B3438EBE28C6}.Debug|Any CPU.Build.0 = Debug|Any CPU
		{15FC3C45-F67E-4FF5-85E8-B3438EBE28C6}.Release|Any CPU.ActiveCfg = Release|Any CPU
		{15FC3C45-F67E-4FF5-85E8-B3438EBE28C6}.Release|Any CPU.Build.0 = Release|Any CPU
		{ABB6CE27-34B3-4A07-91F0-B74844F5C69C}.Debug|Any CPU.ActiveCfg = Debug|Any CPU
		{ABB6CE27-34B3-4A07-91F0-B74844F5C69C}.Debug|Any CPU.Build.0 = Debug|Any CPU
		{ABB6CE27-34B3-4A07-91F0-B74844F5C69C}.Release|Any CPU.ActiveCfg = Release|Any CPU
		{ABB6CE27-34B3-4A07-91F0-B74844F5C69C}.Release|Any CPU.Build.0 = Release|Any CPU
		{66ED0611-F4E9-45E0-AF1D-19B220107CB4}.Debug|Any CPU.ActiveCfg = Debug|Any CPU
		{66ED0611-F4E9-45E0-AF1D-19B220107CB4}.Debug|Any CPU.Build.0 = Debug|Any CPU
		{66ED0611-F4E9-45E0-AF1D-19B220107CB4}.Release|Any CPU.ActiveCfg = Release|Any CPU
		{66ED0611-F4E9-45E0-AF1D-19B220107CB4}.Release|Any CPU.Build.0 = Release|Any CPU
		{2BFACDC3-F44D-4199-8498-F5C3C4AC0335}.Debug|Any CPU.ActiveCfg = Debug|Any CPU
		{2BFACDC3-F44D-4199-8498-F5C3C4AC0335}.Debug|Any CPU.Build.0 = Debug|Any CPU
		{2BFACDC3-F44D-4199-8498-F5C3C4AC0335}.Release|Any CPU.ActiveCfg = Release|Any CPU
		{2BFACDC3-F44D-4199-8498-F5C3C4AC0335}.Release|Any CPU.Build.0 = Release|Any CPU
		{E461C0A8-8900-485C-B520-E929BA33F712}.Debug|Any CPU.ActiveCfg = Debug|Any CPU
		{E461C0A8-8900-485C-B520-E929BA33F712}.Debug|Any CPU.Build.0 = Debug|Any CPU
		{E461C0A8-8900-485C-B520-E929BA33F712}.Release|Any CPU.ActiveCfg = Release|Any CPU
		{E461C0A8-8900-485C-B520-E929BA33F712}.Release|Any CPU.Build.0 = Release|Any CPU
		{0E5AB437-2381-46B0-B123-20E62A7BD7CF}.Debug|Any CPU.ActiveCfg = Debug|Any CPU
		{0E5AB437-2381-46B0-B123-20E62A7BD7CF}.Debug|Any CPU.Build.0 = Debug|Any CPU
		{0E5AB437-2381-46B0-B123-20E62A7BD7CF}.Release|Any CPU.ActiveCfg = Release|Any CPU
		{0E5AB437-2381-46B0-B123-20E62A7BD7CF}.Release|Any CPU.Build.0 = Release|Any CPU
		{ACE08427-65FD-4158-80B0-0C61073C3DA5}.Debug|Any CPU.ActiveCfg = Debug|Any CPU
		{ACE08427-65FD-4158-80B0-0C61073C3DA5}.Debug|Any CPU.Build.0 = Debug|Any CPU
		{ACE08427-65FD-4158-80B0-0C61073C3DA5}.Release|Any CPU.ActiveCfg = Release|Any CPU
		{ACE08427-65FD-4158-80B0-0C61073C3DA5}.Release|Any CPU.Build.0 = Release|Any CPU
		{35E87EDD-0C52-4021-9FE5-C8B5EA86E709}.Debug|Any CPU.ActiveCfg = Debug|Any CPU
		{35E87EDD-0C52-4021-9FE5-C8B5EA86E709}.Debug|Any CPU.Build.0 = Debug|Any CPU
		{35E87EDD-0C52-4021-9FE5-C8B5EA86E709}.Release|Any CPU.ActiveCfg = Release|Any CPU
		{35E87EDD-0C52-4021-9FE5-C8B5EA86E709}.Release|Any CPU.Build.0 = Release|Any CPU
		{78E3778A-30B9-4B91-9C61-E3304EB4EB33}.Debug|Any CPU.ActiveCfg = Debug|Any CPU
		{78E3778A-30B9-4B91-9C61-E3304EB4EB33}.Debug|Any CPU.Build.0 = Debug|Any CPU
		{78E3778A-30B9-4B91-9C61-E3304EB4EB33}.Release|Any CPU.ActiveCfg = Release|Any CPU
		{78E3778A-30B9-4B91-9C61-E3304EB4EB33}.Release|Any CPU.Build.0 = Release|Any CPU
		{82427DB4-CB9A-45D5-BD33-746872C33A74}.Debug|Any CPU.ActiveCfg = Debug|Any CPU
		{82427DB4-CB9A-45D5-BD33-746872C33A74}.Debug|Any CPU.Build.0 = Debug|Any CPU
		{82427DB4-CB9A-45D5-BD33-746872C33A74}.Release|Any CPU.ActiveCfg = Release|Any CPU
		{82427DB4-CB9A-45D5-BD33-746872C33A74}.Release|Any CPU.Build.0 = Release|Any CPU
	EndGlobalSection
	GlobalSection(SolutionProperties) = preSolution
		HideSolutionNode = FALSE
	EndGlobalSection
	GlobalSection(NestedProjects) = preSolution
		{889DB3BC-ECDE-4DBD-A615-D19684922B17} = {7A601054-CE9B-4F17-A40D-404C457A5348}
		{93FEBE69-6554-4AD0-B498-A8D207BDBB59} = {CEB34C03-F777-4E8B-AE0B-5C5F389C69E1}
		{8F43FD85-C5B1-4628-AC81-BF2663B95B5F} = {CEB34C03-F777-4E8B-AE0B-5C5F389C69E1}
		{E5F3FB57-122B-42AF-A3C2-DD3EF790D5D7} = {8F43FD85-C5B1-4628-AC81-BF2663B95B5F}
		{44AFD022-961E-4B45-8C6F-A0E48213A39D} = {8F43FD85-C5B1-4628-AC81-BF2663B95B5F}
		{144DB647-A47C-4500-A716-3E364DB7C3D4} = {CEB34C03-F777-4E8B-AE0B-5C5F389C69E1}
		{44CB1B9C-B251-44F2-97CE-990C882C52DB} = {CEB34C03-F777-4E8B-AE0B-5C5F389C69E1}
		{15FC3C45-F67E-4FF5-85E8-B3438EBE28C6} = {44CB1B9C-B251-44F2-97CE-990C882C52DB}
		{ABB6CE27-34B3-4A07-91F0-B74844F5C69C} = {85B9CBFC-7739-4051-943B-9723466470E0}
		{66ED0611-F4E9-45E0-AF1D-19B220107CB4} = {85B9CBFC-7739-4051-943B-9723466470E0}
		{2BFACDC3-F44D-4199-8498-F5C3C4AC0335} = {EB7BFA3B-D2B3-4C81-A223-7CC85F6EC918}
		{E461C0A8-8900-485C-B520-E929BA33F712} = {EB7BFA3B-D2B3-4C81-A223-7CC85F6EC918}
		{0E5AB437-2381-46B0-B123-20E62A7BD7CF} = {7D5A895C-FEA1-4F97-B91C-FD6D687E29F7}
		{C627349D-6928-45A1-A76E-1FE6C2EA8C01} = {7D5A895C-FEA1-4F97-B91C-FD6D687E29F7}
		{ACE08427-65FD-4158-80B0-0C61073C3DA5} = {5EE72AA1-8909-4CB7-AB93-7710721A3D30}
		{35E87EDD-0C52-4021-9FE5-C8B5EA86E709} = {5EE72AA1-8909-4CB7-AB93-7710721A3D30}
		{78E3778A-30B9-4B91-9C61-E3304EB4EB33} = {005F1D1E-12EA-445B-A042-DEE70D2B740A}
		{82427DB4-CB9A-45D5-BD33-746872C33A74} = {005F1D1E-12EA-445B-A042-DEE70D2B740A}
	EndGlobalSection
	GlobalSection(ExtensibilityGlobals) = postSolution
		SolutionGuid = {3EF0A006-C104-4578-A3A3-9C9BBED45C82}
	EndGlobalSection
EndGlobal
